
Microsoft Visual Studio Solution File, Format Version 12.00
# Visual Studio Version 17
VisualStudioVersion = 17.4.33213.308
MinimumVisualStudioVersion = 10.0.40219.1
Project("{FAE04EC0-301F-11D3-BF4B-00C04F79EFBC}") = "LinqDemos", "LinqDemos\LinqDemos.csproj", "{5AF938EF-CDBC-4EBD-899D-AF9CA70AF019}"
EndProject
Global
	GlobalSection(SolutionConfigurationPlatforms) = preSolution
		Debug|Any CPU = Debug|Any CPU
		Release|Any CPU = Release|Any CPU
	EndGlobalSection
	GlobalSection(ProjectConfigurationPlatforms) = postSolution
		{5AF938EF-CDBC-4EBD-899D-AF9CA70AF019}.Debug|Any CPU.ActiveCfg = Debug|Any CPU
		{5AF938EF-CDBC-4EBD-899D-AF9CA70AF019}.Debug|Any CPU.Build.0 = Debug|Any CPU
		{5AF938EF-CDBC-4EBD-899D-AF9CA70AF019}.Release|Any CPU.ActiveCfg = Release|Any CPU
		{5AF938EF-CDBC-4EBD-899D-AF9CA70AF019}.Release|Any CPU.Build.0 = Release|Any CPU
	EndGlobalSection
	GlobalSection(SolutionProperties) = preSolution
		HideSolutionNode = FALSE
	EndGlobalSection
	GlobalSection(ExtensibilityGlobals) = postSolution
		SolutionGuid = {1459F965-4D0D-42E2-B842-762EDC95A791}
	EndGlobalSection
EndGlobal
